
Microsoft Visual Studio Solution File, Format Version 12.00
Project("{FAE04EC0-301F-11D3-BF4B-00C04F79EFBC}") = "zadanie1", "zadanie1\zadanie1.csproj", "{9CEF045E-037D-4626-92B3-837FCE847AF1}"
EndProject
Project("{FAE04EC0-301F-11D3-BF4B-00C04F79EFBC}") = "Test1", "Test1\Test1.csproj", "{B4AF0CFA-E83A-413B-8F45-9535289E9EA2}"
EndProject
Global
	GlobalSection(SolutionConfigurationPlatforms) = preSolution
		Debug|Any CPU = Debug|Any CPU
		Release|Any CPU = Release|Any CPU
	EndGlobalSection
	GlobalSection(ProjectConfigurationPlatforms) = postSolution
		{9CEF045E-037D-4626-92B3-837FCE847AF1}.Debug|Any CPU.ActiveCfg = Debug|Any CPU
		{9CEF045E-037D-4626-92B3-837FCE847AF1}.Debug|Any CPU.Build.0 = Debug|Any CPU
		{9CEF045E-037D-4626-92B3-837FCE847AF1}.Release|Any CPU.ActiveCfg = Release|Any CPU
		{9CEF045E-037D-4626-92B3-837FCE847AF1}.Release|Any CPU.Build.0 = Release|Any CPU
		{B4AF0CFA-E83A-413B-8F45-9535289E9EA2}.Debug|Any CPU.ActiveCfg = Debug|Any CPU
		{B4AF0CFA-E83A-413B-8F45-9535289E9EA2}.Debug|Any CPU.Build.0 = Debug|Any CPU
		{B4AF0CFA-E83A-413B-8F45-9535289E9EA2}.Release|Any CPU.ActiveCfg = Release|Any CPU
		{B4AF0CFA-E83A-413B-8F45-9535289E9EA2}.Release|Any CPU.Build.0 = Release|Any CPU
	EndGlobalSection
EndGlobal
