
Microsoft Visual Studio Solution File, Format Version 12.00
Project("{FAE04EC0-301F-11D3-BF4B-00C04F79EFBC}") = "PresentationModel", "PresentationModel\PresentationModel.csproj", "{20B77AD4-F15F-4F54-BE68-57772C6B6878}"
EndProject
Project("{FAE04EC0-301F-11D3-BF4B-00C04F79EFBC}") = "PresentationView", "ReactiveInteractiveUserInterface\GraphicalUserInterface\PresentationView.csproj", "{1CA9FFAD-D4E8-4E79-AAF5-A8BE7CF4287C}"
EndProject
Project("{2150E333-8FDC-42A3-9474-1A3956D46DE8}") = "ReactiveInteractiveUserInterface", "ReactiveInteractiveUserInterface", "{9B020710-4438-4EFD-BFD8-CF19AC96B0B9}"
EndProject
Project("{FAE04EC0-301F-11D3-BF4B-00C04F79EFBC}") = "PresentationViewModel", "ReactiveInteractiveUserInterface\PresentationViewModel\PresentationViewModel.csproj", "{CC489C00-C82F-4584-88F6-789DB64D7CB3}"
EndProject
Project("{FAE04EC0-301F-11D3-BF4B-00C04F79EFBC}") = "Data", "Data\Data.csproj", "{F6308A73-3CFD-4E22-97F0-71E5389042AF}"
EndProject
Project("{FAE04EC0-301F-11D3-BF4B-00C04F79EFBC}") = "Logic", "Logic\Logic.csproj", "{840E41F3-7169-4608-AC19-A6A4ABB99FB5}"
EndProject
Project("{FAE04EC0-301F-11D3-BF4B-00C04F79EFBC}") = "DataTest", "DataTest\DataTest.csproj", "{0398C388-3A89-4734-9403-8575027A21CC}"
EndProject
Project("{FAE04EC0-301F-11D3-BF4B-00C04F79EFBC}") = "LogicTest", "LogicTest\LogicTest.csproj", "{6C12AB90-71D6-44A1-826F-36E1EF1673D3}"
EndProject
Global
	GlobalSection(SolutionConfigurationPlatforms) = preSolution
		Debug|Any CPU = Debug|Any CPU
		Release|Any CPU = Release|Any CPU
	EndGlobalSection
	GlobalSection(ProjectConfigurationPlatforms) = postSolution
		{20B77AD4-F15F-4F54-BE68-57772C6B6878}.Debug|Any CPU.ActiveCfg = Debug|Any CPU
		{20B77AD4-F15F-4F54-BE68-57772C6B6878}.Debug|Any CPU.Build.0 = Debug|Any CPU
		{20B77AD4-F15F-4F54-BE68-57772C6B6878}.Release|Any CPU.ActiveCfg = Release|Any CPU
		{20B77AD4-F15F-4F54-BE68-57772C6B6878}.Release|Any CPU.Build.0 = Release|Any CPU
		{1CA9FFAD-D4E8-4E79-AAF5-A8BE7CF4287C}.Debug|Any CPU.ActiveCfg = Debug|Any CPU
		{1CA9FFAD-D4E8-4E79-AAF5-A8BE7CF4287C}.Debug|Any CPU.Build.0 = Debug|Any CPU
		{1CA9FFAD-D4E8-4E79-AAF5-A8BE7CF4287C}.Release|Any CPU.ActiveCfg = Release|Any CPU
		{1CA9FFAD-D4E8-4E79-AAF5-A8BE7CF4287C}.Release|Any CPU.Build.0 = Release|Any CPU
		{CC489C00-C82F-4584-88F6-789DB64D7CB3}.Debug|Any CPU.ActiveCfg = Debug|Any CPU
		{CC489C00-C82F-4584-88F6-789DB64D7CB3}.Debug|Any CPU.Build.0 = Debug|Any CPU
		{CC489C00-C82F-4584-88F6-789DB64D7CB3}.Release|Any CPU.ActiveCfg = Release|Any CPU
		{CC489C00-C82F-4584-88F6-789DB64D7CB3}.Release|Any CPU.Build.0 = Release|Any CPU
		{F6308A73-3CFD-4E22-97F0-71E5389042AF}.Debug|Any CPU.ActiveCfg = Debug|Any CPU
		{F6308A73-3CFD-4E22-97F0-71E5389042AF}.Debug|Any CPU.Build.0 = Debug|Any CPU
		{F6308A73-3CFD-4E22-97F0-71E5389042AF}.Release|Any CPU.ActiveCfg = Release|Any CPU
		{F6308A73-3CFD-4E22-97F0-71E5389042AF}.Release|Any CPU.Build.0 = Release|Any CPU
		{840E41F3-7169-4608-AC19-A6A4ABB99FB5}.Debug|Any CPU.ActiveCfg = Debug|Any CPU
		{840E41F3-7169-4608-AC19-A6A4ABB99FB5}.Debug|Any CPU.Build.0 = Debug|Any CPU
		{840E41F3-7169-4608-AC19-A6A4ABB99FB5}.Release|Any CPU.ActiveCfg = Release|Any CPU
		{840E41F3-7169-4608-AC19-A6A4ABB99FB5}.Release|Any CPU.Build.0 = Release|Any CPU
		{0398C388-3A89-4734-9403-8575027A21CC}.Debug|Any CPU.ActiveCfg = Debug|Any CPU
		{0398C388-3A89-4734-9403-8575027A21CC}.Debug|Any CPU.Build.0 = Debug|Any CPU
		{0398C388-3A89-4734-9403-8575027A21CC}.Release|Any CPU.ActiveCfg = Release|Any CPU
		{0398C388-3A89-4734-9403-8575027A21CC}.Release|Any CPU.Build.0 = Release|Any CPU
		{6C12AB90-71D6-44A1-826F-36E1EF1673D3}.Debug|Any CPU.ActiveCfg = Debug|Any CPU
		{6C12AB90-71D6-44A1-826F-36E1EF1673D3}.Debug|Any CPU.Build.0 = Debug|Any CPU
		{6C12AB90-71D6-44A1-826F-36E1EF1673D3}.Release|Any CPU.ActiveCfg = Release|Any CPU
		{6C12AB90-71D6-44A1-826F-36E1EF1673D3}.Release|Any CPU.Build.0 = Release|Any CPU
	EndGlobalSection
	GlobalSection(NestedProjects) = preSolution
		{20B77AD4-F15F-4F54-BE68-57772C6B6878} = {9B020710-4438-4EFD-BFD8-CF19AC96B0B9}
		{1CA9FFAD-D4E8-4E79-AAF5-A8BE7CF4287C} = {9B020710-4438-4EFD-BFD8-CF19AC96B0B9}
		{CC489C00-C82F-4584-88F6-789DB64D7CB3} = {9B020710-4438-4EFD-BFD8-CF19AC96B0B9}
	EndGlobalSection
EndGlobal
